
Microsoft Visual Studio Solution File, Format Version 12.00
# Visual Studio Version 17
VisualStudioVersion = 17.9.34902.65
MinimumVisualStudioVersion = 10.0.40219.1
Project("{9A19103F-16F7-4668-BE54-9A1E7A4F7556}") = "ShoppingClient", "ShoppingClient\ShoppingClient.csproj", "{B1C798BB-C424-49B4-864C-3A96A686EF9B}"
EndProject
Project("{9A19103F-16F7-4668-BE54-9A1E7A4F7556}") = "ShoppingAdmin", "ShoppingAdmin\ShoppingAdmin.csproj", "{FC06EAB0-105A-4A13-8CDF-F07828D84B1B}"
EndProject
Project("{2150E333-8FDC-42A3-9474-1A3956D46DE8}") = "NTier", "NTier", "{6684D2EE-B85E-45D1-B53B-80A4C8C62A5F}"
EndProject
Project("{9A19103F-16F7-4668-BE54-9A1E7A4F7556}") = "Shopping.DAL", "NTier\Shopping.DAL\Shopping.DAL.csproj", "{D0202040-D242-4C8D-9C52-D418546564F7}"
EndProject
Project("{9A19103F-16F7-4668-BE54-9A1E7A4F7556}") = "Shopping.BLL", "NTier\Shopping.BLL\Shopping.BLL.csproj", "{BE1DC087-7568-4C67-B929-8596280C6181}"
EndProject
Project("{9A19103F-16F7-4668-BE54-9A1E7A4F7556}") = "Shopping.Entities", "NTier\Shopping.Entities\Shopping.Entities.csproj", "{E702332E-060B-489E-9E7F-226BA14027C2}"
EndProject
Project("{9A19103F-16F7-4668-BE54-9A1E7A4F7556}") = "Shopping.DTO", "NTier\Shopping.DTO\Shopping.DTO.csproj", "{9A204DC5-C5EF-49BB-B21B-A3C67753137D}"
EndProject
Project("{9A19103F-16F7-4668-BE54-9A1E7A4F7556}") = "Shopping.ViewModel", "NTier\Shopping.ViewModel\Shopping.ViewModel.csproj", "{57FE730A-8236-4737-975D-BF1D314DF3C1}"
EndProject
Project("{9A19103F-16F7-4668-BE54-9A1E7A4F7556}") = "Shopping.Common", "NTier\Shopping.Common\Shopping.Common.csproj", "{15D3B665-F18E-4F04-8BE8-3106081598E4}"
EndProject
Project("{FAE04EC0-301F-11D3-BF4B-00C04F79EFBC}") = "ShoppingApi", "ShoppingApi\ShoppingApi.csproj", "{01A9F858-58AE-4119-80D2-EE729536E6DA}"
EndProject
Global
	GlobalSection(SolutionConfigurationPlatforms) = preSolution
		Debug|Any CPU = Debug|Any CPU
		Release|Any CPU = Release|Any CPU
	EndGlobalSection
	GlobalSection(ProjectConfigurationPlatforms) = postSolution
		{B1C798BB-C424-49B4-864C-3A96A686EF9B}.Debug|Any CPU.ActiveCfg = Debug|Any CPU
		{B1C798BB-C424-49B4-864C-3A96A686EF9B}.Debug|Any CPU.Build.0 = Debug|Any CPU
		{B1C798BB-C424-49B4-864C-3A96A686EF9B}.Release|Any CPU.ActiveCfg = Release|Any CPU
		{B1C798BB-C424-49B4-864C-3A96A686EF9B}.Release|Any CPU.Build.0 = Release|Any CPU
		{FC06EAB0-105A-4A13-8CDF-F07828D84B1B}.Debug|Any CPU.ActiveCfg = Debug|Any CPU
		{FC06EAB0-105A-4A13-8CDF-F07828D84B1B}.Debug|Any CPU.Build.0 = Debug|Any CPU
		{FC06EAB0-105A-4A13-8CDF-F07828D84B1B}.Release|Any CPU.ActiveCfg = Release|Any CPU
		{FC06EAB0-105A-4A13-8CDF-F07828D84B1B}.Release|Any CPU.Build.0 = Release|Any CPU
		{D0202040-D242-4C8D-9C52-D418546564F7}.Debug|Any CPU.ActiveCfg = Debug|Any CPU
		{D0202040-D242-4C8D-9C52-D418546564F7}.Debug|Any CPU.Build.0 = Debug|Any CPU
		{D0202040-D242-4C8D-9C52-D418546564F7}.Release|Any CPU.ActiveCfg = Release|Any CPU
		{D0202040-D242-4C8D-9C52-D418546564F7}.Release|Any CPU.Build.0 = Release|Any CPU
		{BE1DC087-7568-4C67-B929-8596280C6181}.Debug|Any CPU.ActiveCfg = Debug|Any CPU
		{BE1DC087-7568-4C67-B929-8596280C6181}.Debug|Any CPU.Build.0 = Debug|Any CPU
		{BE1DC087-7568-4C67-B929-8596280C6181}.Release|Any CPU.ActiveCfg = Release|Any CPU
		{BE1DC087-7568-4C67-B929-8596280C6181}.Release|Any CPU.Build.0 = Release|Any CPU
		{E702332E-060B-489E-9E7F-226BA14027C2}.Debug|Any CPU.ActiveCfg = Debug|Any CPU
		{E702332E-060B-489E-9E7F-226BA14027C2}.Debug|Any CPU.Build.0 = Debug|Any CPU
		{E702332E-060B-489E-9E7F-226BA14027C2}.Release|Any CPU.ActiveCfg = Release|Any CPU
		{E702332E-060B-489E-9E7F-226BA14027C2}.Release|Any CPU.Build.0 = Release|Any CPU
		{9A204DC5-C5EF-49BB-B21B-A3C67753137D}.Debug|Any CPU.ActiveCfg = Debug|Any CPU
		{9A204DC5-C5EF-49BB-B21B-A3C67753137D}.Debug|Any CPU.Build.0 = Debug|Any CPU
		{9A204DC5-C5EF-49BB-B21B-A3C67753137D}.Release|Any CPU.ActiveCfg = Release|Any CPU
		{9A204DC5-C5EF-49BB-B21B-A3C67753137D}.Release|Any CPU.Build.0 = Release|Any CPU
		{57FE730A-8236-4737-975D-BF1D314DF3C1}.Debug|Any CPU.ActiveCfg = Debug|Any CPU
		{57FE730A-8236-4737-975D-BF1D314DF3C1}.Debug|Any CPU.Build.0 = Debug|Any CPU
		{57FE730A-8236-4737-975D-BF1D314DF3C1}.Release|Any CPU.ActiveCfg = Release|Any CPU
		{57FE730A-8236-4737-975D-BF1D314DF3C1}.Release|Any CPU.Build.0 = Release|Any CPU
		{15D3B665-F18E-4F04-8BE8-3106081598E4}.Debug|Any CPU.ActiveCfg = Debug|Any CPU
		{15D3B665-F18E-4F04-8BE8-3106081598E4}.Debug|Any CPU.Build.0 = Debug|Any CPU
		{15D3B665-F18E-4F04-8BE8-3106081598E4}.Release|Any CPU.ActiveCfg = Release|Any CPU
		{15D3B665-F18E-4F04-8BE8-3106081598E4}.Release|Any CPU.Build.0 = Release|Any CPU
		{01A9F858-58AE-4119-80D2-EE729536E6DA}.Debug|Any CPU.ActiveCfg = Debug|Any CPU
		{01A9F858-58AE-4119-80D2-EE729536E6DA}.Debug|Any CPU.Build.0 = Debug|Any CPU
		{01A9F858-58AE-4119-80D2-EE729536E6DA}.Release|Any CPU.ActiveCfg = Release|Any CPU
		{01A9F858-58AE-4119-80D2-EE729536E6DA}.Release|Any CPU.Build.0 = Release|Any CPU
	EndGlobalSection
	GlobalSection(SolutionProperties) = preSolution
		HideSolutionNode = FALSE
	EndGlobalSection
	GlobalSection(NestedProjects) = preSolution
		{D0202040-D242-4C8D-9C52-D418546564F7} = {6684D2EE-B85E-45D1-B53B-80A4C8C62A5F}
		{BE1DC087-7568-4C67-B929-8596280C6181} = {6684D2EE-B85E-45D1-B53B-80A4C8C62A5F}
		{E702332E-060B-489E-9E7F-226BA14027C2} = {6684D2EE-B85E-45D1-B53B-80A4C8C62A5F}
		{9A204DC5-C5EF-49BB-B21B-A3C67753137D} = {6684D2EE-B85E-45D1-B53B-80A4C8C62A5F}
		{57FE730A-8236-4737-975D-BF1D314DF3C1} = {6684D2EE-B85E-45D1-B53B-80A4C8C62A5F}
		{15D3B665-F18E-4F04-8BE8-3106081598E4} = {6684D2EE-B85E-45D1-B53B-80A4C8C62A5F}
	EndGlobalSection
	GlobalSection(ExtensibilityGlobals) = postSolution
		SolutionGuid = {13CC9918-395F-4B1B-A342-9F7BE6DF4DC7}
	EndGlobalSection
EndGlobal
